
Microsoft Visual Studio Solution File, Format Version 12.00
# Visual Studio Version 16
VisualStudioVersion = 16.0.32428.217
MinimumVisualStudioVersion = 10.0.40219.1
Project("{8BC9CEB8-8B4A-11D0-8D11-00A0C91BC942}") = "DaleKeeper2", "DaleKeeper2.vcxproj", "{BA28E43A-A681-4AE4-83E2-67673EB42FE0}"
EndProject
Global
	GlobalSection(SolutionConfigurationPlatforms) = preSolution
		Debug|x86 = Debug|x86
		Profiling|x86 = Profiling|x86
		Release|x86 = Release|x86
	EndGlobalSection
	GlobalSection(ProjectConfigurationPlatforms) = postSolution
		{BA28E43A-A681-4AE4-83E2-67673EB42FE0}.Debug|x86.ActiveCfg = Debug|Win32
		{BA28E43A-A681-4AE4-83E2-67673EB42FE0}.Debug|x86.Build.0 = Debug|Win32
		{BA28E43A-A681-4AE4-83E2-67673EB42FE0}.Profiling|x86.ActiveCfg = Profiling|Win32
		{BA28E43A-A681-4AE4-83E2-67673EB42FE0}.Profiling|x86.Build.0 = Profiling|Win32
		{BA28E43A-A681-4AE4-83E2-67673EB42FE0}.Release|x86.ActiveCfg = Release|Win32
		{BA28E43A-A681-4AE4-83E2-67673EB42FE0}.Release|x86.Build.0 = Release|Win32
	EndGlobalSection
	GlobalSection(SolutionProperties) = preSolution
		HideSolutionNode = FALSE
	EndGlobalSection
	GlobalSection(ExtensibilityGlobals) = postSolution
		SolutionGuid = {0616BE9D-3BEC-4867-81BD-8F93B2A711A7}
	EndGlobalSection
EndGlobal
